Microsoft Visual Studio Solution File, Format Version 12.00
# Visual Studio Version 17
VisualStudioVersion = 17.5.2.0
MinimumVisualStudioVersion = 10.0.40219.1
Project("{2150E333-8FDC-42A3-9474-1A3956D46DE8}") = "test", "test", "{0C88DD14-F956-CE84-757C-A364CCF449FC}"
EndProject
Project("{2150E333-8FDC-42A3-9474-1A3956D46DE8}") = "src", "src", "{827E0CD3-B72D-47B6-A68D-7590B98EB39B}"
EndProject
Project("{FAE04EC0-301F-11D3-BF4B-00C04F79EFBC}") = "BankingServiceTest", "test\BankingServiceTest.csproj", "{2E5378AF-ED91-7AC9-DB61-5053D50E08C6}"
EndProject
Project("{FAE04EC0-301F-11D3-BF4B-00C04F79EFBC}") = "BankingServics", "src\BankingServics.csproj", "{9DB4C82C-8D13-08D7-0605-7EDFF704CAF0}"
EndProject
Global
	GlobalSection(SolutionConfigurationPlatforms) = preSolution
		Debug|Any CPU = Debug|Any CPU
		Release|Any CPU = Release|Any CPU
	EndGlobalSection
	GlobalSection(ProjectConfigurationPlatforms) = postSolution
		{2E5378AF-ED91-7AC9-DB61-5053D50E08C6}.Debug|Any CPU.ActiveCfg = Debug|Any CPU
		{2E5378AF-ED91-7AC9-DB61-5053D50E08C6}.Debug|Any CPU.Build.0 = Debug|Any CPU
		{2E5378AF-ED91-7AC9-DB61-5053D50E08C6}.Release|Any CPU.ActiveCfg = Release|Any CPU
		{2E5378AF-ED91-7AC9-DB61-5053D50E08C6}.Release|Any CPU.Build.0 = Release|Any CPU
		{9DB4C82C-8D13-08D7-0605-7EDFF704CAF0}.Debug|Any CPU.ActiveCfg = Debug|Any CPU
		{9DB4C82C-8D13-08D7-0605-7EDFF704CAF0}.Debug|Any CPU.Build.0 = Debug|Any CPU
		{9DB4C82C-8D13-08D7-0605-7EDFF704CAF0}.Release|Any CPU.ActiveCfg = Release|Any CPU
		{9DB4C82C-8D13-08D7-0605-7EDFF704CAF0}.Release|Any CPU.Build.0 = Release|Any CPU
	EndGlobalSection
	GlobalSection(SolutionProperties) = preSolution
		HideSolutionNode = FALSE
	EndGlobalSection
	GlobalSection(NestedProjects) = preSolution
		{2E5378AF-ED91-7AC9-DB61-5053D50E08C6} = {0C88DD14-F956-CE84-757C-A364CCF449FC}
		{9DB4C82C-8D13-08D7-0605-7EDFF704CAF0} = {827E0CD3-B72D-47B6-A68D-7590B98EB39B}
	EndGlobalSection
	GlobalSection(ExtensibilityGlobals) = postSolution
		SolutionGuid = {5B55800D-0103-479A-A0BA-147DAD63B547}
	EndGlobalSection
EndGlobal
